// !$*UTF8*$!
{
	archiveVersion = 1;
	classes = {
	};
	objectVersion = 56;
	objects = {

/* Begin PBXBuildFile section */
		B413F74F28DA9EE0002F9907 /* RxBlocking in Frameworks */ = {isa = PBXBuildFile; productRef = B413F74E28DA9EE0002F9907 /* RxBlocking */; };
		B413F75128DA9EE0002F9907 /* RxCocoa in Frameworks */ = {isa = PBXBuildFile; productRef = B413F75028DA9EE0002F9907 /* RxCocoa */; };
		B413F75328DA9EE1002F9907 /* RxRelay in Frameworks */ = {isa = PBXBuildFile; productRef = B413F75228DA9EE1002F9907 /* RxRelay */; };
		B413F75528DA9EE1002F9907 /* RxSwift in Frameworks */ = {isa = PBXBuildFile; productRef = B413F75428DA9EE1002F9907 /* RxSwift */; };
		B413F75C28DA9F9A002F9907 /* SnapKit in Frameworks */ = {isa = PBXBuildFile; productRef = B413F75B28DA9F9A002F9907 /* SnapKit */; };
		B413F75E28DAA939002F9907 /* MTMapViewError.swift in Sources */ = {isa = PBXBuildFile; fileRef = B413F75D28DAA939002F9907 /* MTMapViewError.swift */; };
		B413F76028DAC788002F9907 /* DetailListCell.swift in Sources */ = {isa = PBXBuildFile; fileRef = B413F75F28DAC788002F9907 /* DetailListCell.swift */; };
		B413F76228DAC9EB002F9907 /* DetailListBackgroundView.swift in Sources */ = {isa = PBXBuildFile; fileRef = B413F76128DAC9EB002F9907 /* DetailListBackgroundView.swift */; };
		B413F76428DAC9F6002F9907 /* DetailListBackgroundViewModel.swift in Sources */ = {isa = PBXBuildFile; fileRef = B413F76328DAC9F6002F9907 /* DetailListBackgroundViewModel.swift */; };
		B4726DD028DA8C75004BE4A7 /* AppDelegate.swift in Sources */ = {isa = PBXBuildFile; fileRef = B4726DCF28DA8C75004BE4A7 /* AppDelegate.swift */; };
		B4726DD228DA8C75004BE4A7 /* SceneDelegate.swift in Sources */ = {isa = PBXBuildFile; fileRef = B4726DD128DA8C75004BE4A7 /* SceneDelegate.swift */; };
		B4726DD928DA8C76004BE4A7 /* Assets.xcassets in Resources */ = {isa = PBXBuildFile; fileRef = B4726DD828DA8C76004BE4A7 /* Assets.xcassets */; };
		B4726DDC28DA8C76004BE4A7 /* LaunchScreen.storyboard in Resources */ = {isa = PBXBuildFile; fileRef = B4726DDA28DA8C76004BE4A7 /* LaunchScreen.storyboard */; };
		B4726DE728DA905B004BE4A7 /* DaumMap.framework in Frameworks */ = {isa = PBXBuildFile; fileRef = B4726DE628DA905B004BE4A7 /* DaumMap.framework */; };
		B4726DE928DA9078004BE4A7 /* OpenGLES.framework in Frameworks */ = {isa = PBXBuildFile; fileRef = B4726DE828DA9078004BE4A7 /* OpenGLES.framework */; };
		B4726DEB28DA9081004BE4A7 /* SystemConfiguration.framework in Frameworks */ = {isa = PBXBuildFile; fileRef = B4726DEA28DA9081004BE4A7 /* SystemConfiguration.framework */; };
		B4726DED28DA908E004BE4A7 /* CoreLocation.framework in Frameworks */ = {isa = PBXBuildFile; fileRef = B4726DEC28DA908E004BE4A7 /* CoreLocation.framework */; };
		B4726DEF28DA9094004BE4A7 /* QuartzCore.framework in Frameworks */ = {isa = PBXBuildFile; fileRef = B4726DEE28DA9094004BE4A7 /* QuartzCore.framework */; };
		B4726DF128DA90A1004BE4A7 /* libc++.tbd in Frameworks */ = {isa = PBXBuildFile; fileRef = B4726DF028DA90A0004BE4A7 /* libc++.tbd */; };
		B4726DF328DA90A8004BE4A7 /* libxml2.tbd in Frameworks */ = {isa = PBXBuildFile; fileRef = B4726DF228DA90A8004BE4A7 /* libxml2.tbd */; };
		B4726DF528DA90AD004BE4A7 /* libsqlite3.tbd in Frameworks */ = {isa = PBXBuildFile; fileRef = B4726DF428DA90AD004BE4A7 /* libsqlite3.tbd */; };
		B4726DF728DA93E5004BE4A7 /* LocationData.swift in Sources */ = {isa = PBXBuildFile; fileRef = B4726DF628DA93E5004BE4A7 /* LocationData.swift */; };
		B4726DF928DA9434004BE4A7 /* KLDocument.swift in Sources */ = {isa = PBXBuildFile; fileRef = B4726DF828DA9434004BE4A7 /* KLDocument.swift */; };
		B4726DFC28DA94EC004BE4A7 /* DetailListCellData.swift in Sources */ = {isa = PBXBuildFile; fileRef = B4726DFB28DA94EC004BE4A7 /* DetailListCellData.swift */; };
		B4726DFE28DA9595004BE4A7 /* LocationInformationViewController.swift in Sources */ = {isa = PBXBuildFile; fileRef = B4726DFD28DA9595004BE4A7 /* LocationInformationViewController.swift */; };
		B4726E0128DA95CE004BE4A7 /* LocationInformationViewModel.swift in Sources */ = {isa = PBXBuildFile; fileRef = B4726E0028DA95CE004BE4A7 /* LocationInformationViewModel.swift */; };
/* End PBXBuildFile section */

/* Begin PBXFileReference section */
		B413F75828DA9F7B002F9907 /* XCTest.framework */ = {isa = PBXFileReference; lastKnownFileType = wrapper.framework; name = XCTest.framework; path = Platforms/iPhoneOS.platform/Developer/Library/Frameworks/XCTest.framework; sourceTree = DEVELOPER_DIR; };
		B413F75D28DAA939002F9907 /* MTMapViewError.swift */ = {isa = PBXFileReference; lastKnownFileType = sourcecode.swift; path = MTMapViewError.swift; sourceTree = "<group>"; };
		B413F75F28DAC788002F9907 /* DetailListCell.swift */ = {isa = PBXFileReference; lastKnownFileType = sourcecode.swift; path = DetailListCell.swift; sourceTree = "<group>"; };
		B413F76128DAC9EB002F9907 /* DetailListBackgroundView.swift */ = {isa = PBXFileReference; lastKnownFileType = sourcecode.swift; path = DetailListBackgroundView.swift; sourceTree = "<group>"; };
		B413F76328DAC9F6002F9907 /* DetailListBackgroundViewModel.swift */ = {isa = PBXFileReference; lastKnownFileType = sourcecode.swift; path = DetailListBackgroundViewModel.swift; sourceTree = "<group>"; };
		B4726DCC28DA8C75004BE4A7 /* AroundCafe.app */ = {isa = PBXFileReference; explicitFileType = wrapper.application; includeInIndex = 0; path = AroundCafe.app; sourceTree = BUILT_PRODUCTS_DIR; };
		B4726DCF28DA8C75004BE4A7 /* AppDelegate.swift */ = {isa = PBXFileReference; lastKnownFileType = sourcecode.swift; path = AppDelegate.swift; sourceTree = "<group>"; };
		B4726DD128DA8C75004BE4A7 /* SceneDelegate.swift */ = {isa = PBXFileReference; lastKnownFileType = sourcecode.swift; path = SceneDelegate.swift; sourceTree = "<group>"; };
		B4726DD828DA8C76004BE4A7 /* Assets.xcassets */ = {isa = PBXFileReference; lastKnownFileType = folder.assetcatalog; path = Assets.xcassets; sourceTree = "<group>"; };
		B4726DDB28DA8C76004BE4A7 /* Base */ = {isa = PBXFileReference; lastKnownFileType = file.storyboard; name = Base; path = Base.lproj/LaunchScreen.storyboard; sourceTree = "<group>"; };
		B4726DDD28DA8C76004BE4A7 /* Info.plist */ = {isa = PBXFileReference; lastKnownFileType = text.plist.xml; path = Info.plist; sourceTree = "<group>"; };
		B4726DE428DA8F0E004BE4A7 /* DaumMap.embeddedframework */ = {isa = PBXFileReference; lastKnownFileType = folder; path = DaumMap.embeddedframework; sourceTree = "<group>"; };
		B4726DE528DA8F56004BE4A7 /* BridgingHeader.h */ = {isa = PBXFileReference; lastKnownFileType = sourcecode.c.h; path = BridgingHeader.h; sourceTree = "<group>"; };
		B4726DE628DA905B004BE4A7 /* DaumMap.framework */ = {isa = PBXFileReference; lastKnownFileType = wrapper.framework; name = DaumMap.framework; path = DaumMap.embeddedframework/DaumMap.framework; sourceTree = "<group>"; };
		B4726DE828DA9078004BE4A7 /* OpenGLES.framework */ = {isa = PBXFileReference; lastKnownFileType = wrapper.framework; name = OpenGLES.framework; path = System/Library/Frameworks/OpenGLES.framework; sourceTree = SDKROOT; };
		B4726DEA28DA9081004BE4A7 /* SystemConfiguration.framework */ = {isa = PBXFileReference; lastKnownFileType = wrapper.framework; name = SystemConfiguration.framework; path = System/Library/Frameworks/SystemConfiguration.framework; sourceTree = SDKROOT; };
		B4726DEC28DA908E004BE4A7 /* CoreLocation.framework */ = {isa = PBXFileReference; lastKnownFileType = wrapper.framework; name = CoreLocation.framework; path = System/Library/Frameworks/CoreLocation.framework; sourceTree = SDKROOT; };
		B4726DEE28DA9094004BE4A7 /* QuartzCore.framework */ = {isa = PBXFileReference; lastKnownFileType = wrapper.framework; name = QuartzCore.framework; path = System/Library/Frameworks/QuartzCore.framework; sourceTree = SDKROOT; };
		B4726DF028DA90A0004BE4A7 /* libc++.tbd */ = {isa = PBXFileReference; lastKnownFileType = "sourcecode.text-based-dylib-definition"; name = "libc++.tbd"; path = "usr/lib/libc++.tbd"; sourceTree = SDKROOT; };
		B4726DF228DA90A8004BE4A7 /* libxml2.tbd */ = {isa = PBXFileReference; lastKnownFileType = "sourcecode.text-based-dylib-definition"; name = libxml2.tbd; path = usr/lib/libxml2.tbd; sourceTree = SDKROOT; };
		B4726DF428DA90AD004BE4A7 /* libsqlite3.tbd */ = {isa = PBXFileReference; lastKnownFileType = "sourcecode.text-based-dylib-definition"; name = libsqlite3.tbd; path = usr/lib/libsqlite3.tbd; sourceTree = SDKROOT; };
		B4726DF628DA93E5004BE4A7 /* LocationData.swift */ = {isa = PBXFileReference; lastKnownFileType = sourcecode.swift; path = LocationData.swift; sourceTree = "<group>"; };
		B4726DF828DA9434004BE4A7 /* KLDocument.swift */ = {isa = PBXFileReference; lastKnownFileType = sourcecode.swift; path = KLDocument.swift; sourceTree = "<group>"; };
		B4726DFB28DA94EC004BE4A7 /* DetailListCellData.swift */ = {isa = PBXFileReference; lastKnownFileType = sourcecode.swift; path = DetailListCellData.swift; sourceTree = "<group>"; };
		B4726DFD28DA9595004BE4A7 /* LocationInformationViewController.swift */ = {isa = PBXFileReference; lastKnownFileType = sourcecode.swift; path = LocationInformationViewController.swift; sourceTree = "<group>"; };
		B4726E0028DA95CE004BE4A7 /* LocationInformationViewModel.swift */ = {isa = PBXFileReference; lastKnownFileType = sourcecode.swift; path = LocationInformationViewModel.swift; sourceTree = "<group>"; };
/* End PBXFileReference section */

/* Begin PBXFrameworksBuildPhase section */
		B4726DC928DA8C75004BE4A7 /* Frameworks */ = {
			isa = PBXFrameworksBuildPhase;
			buildActionMask = 2147483647;
			files = (
				B4726DF528DA90AD004BE4A7 /* libsqlite3.tbd in Frameworks */,
				B413F74F28DA9EE0002F9907 /* RxBlocking in Frameworks */,
				B413F75128DA9EE0002F9907 /* RxCocoa in Frameworks */,
				B4726DF328DA90A8004BE4A7 /* libxml2.tbd in Frameworks */,
				B4726DF128DA90A1004BE4A7 /* libc++.tbd in Frameworks */,
				B4726DEF28DA9094004BE4A7 /* QuartzCore.framework in Frameworks */,
				B413F75528DA9EE1002F9907 /* RxSwift in Frameworks */,
				B413F75C28DA9F9A002F9907 /* SnapKit in Frameworks */,
				B4726DED28DA908E004BE4A7 /* CoreLocation.framework in Frameworks */,
				B4726DEB28DA9081004BE4A7 /* SystemConfiguration.framework in Frameworks */,
				B4726DE928DA9078004BE4A7 /* OpenGLES.framework in Frameworks */,
				B4726DE728DA905B004BE4A7 /* DaumMap.framework in Frameworks */,
				B413F75328DA9EE1002F9907 /* RxRelay in Frameworks */,
			);
			runOnlyForDeploymentPostprocessing = 0;
		};
/* End PBXFrameworksBuildPhase section */

/* Begin PBXGroup section */
		B4726DC328DA8C75004BE4A7 = {
			isa = PBXGroup;
			children = (
				B4726DCE28DA8C75004BE4A7 /* AroundCafe */,
				B4726DCD28DA8C75004BE4A7 /* Products */,
				B4726DE328DA8F0E004BE4A7 /* Frameworks */,
			);
			sourceTree = "<group>";
		};
		B4726DCD28DA8C75004BE4A7 /* Products */ = {
			isa = PBXGroup;
			children = (
				B4726DCC28DA8C75004BE4A7 /* AroundCafe.app */,
			);
			name = Products;
			sourceTree = "<group>";
		};
		B4726DCE28DA8C75004BE4A7 /* AroundCafe */ = {
			isa = PBXGroup;
			children = (
				B4726DE528DA8F56004BE4A7 /* BridgingHeader.h */,
				B4726DCF28DA8C75004BE4A7 /* AppDelegate.swift */,
				B4726DD128DA8C75004BE4A7 /* SceneDelegate.swift */,
				B4726DD828DA8C76004BE4A7 /* Assets.xcassets */,
				B4726DDA28DA8C76004BE4A7 /* LaunchScreen.storyboard */,
				B4726DDD28DA8C76004BE4A7 /* Info.plist */,
				B4726DFA28DA943B004BE4A7 /* Entities */,
				B4726DFF28DA959D004BE4A7 /* Presentation */,
			);
			path = AroundCafe;
			sourceTree = "<group>";
		};
		B4726DE328DA8F0E004BE4A7 /* Frameworks */ = {
			isa = PBXGroup;
			children = (
				B413F75828DA9F7B002F9907 /* XCTest.framework */,
				B4726DF428DA90AD004BE4A7 /* libsqlite3.tbd */,
				B4726DF228DA90A8004BE4A7 /* libxml2.tbd */,
				B4726DF028DA90A0004BE4A7 /* libc++.tbd */,
				B4726DEE28DA9094004BE4A7 /* QuartzCore.framework */,
				B4726DEC28DA908E004BE4A7 /* CoreLocation.framework */,
				B4726DEA28DA9081004BE4A7 /* SystemConfiguration.framework */,
				B4726DE828DA9078004BE4A7 /* OpenGLES.framework */,
				B4726DE628DA905B004BE4A7 /* DaumMap.framework */,
				B4726DE428DA8F0E004BE4A7 /* DaumMap.embeddedframework */,
			);
			name = Frameworks;
			sourceTree = "<group>";
		};
		B4726DFA28DA943B004BE4A7 /* Entities */ = {
			isa = PBXGroup;
			children = (
				B4726DFB28DA94EC004BE4A7 /* DetailListCellData.swift */,
				B4726DF628DA93E5004BE4A7 /* LocationData.swift */,
				B4726DF828DA9434004BE4A7 /* KLDocument.swift */,
				B413F75D28DAA939002F9907 /* MTMapViewError.swift */,
			);
			path = Entities;
			sourceTree = "<group>";
		};
		B4726DFF28DA959D004BE4A7 /* Presentation */ = {
			isa = PBXGroup;
			children = (
				B4726DFD28DA9595004BE4A7 /* LocationInformationViewController.swift */,
				B4726E0028DA95CE004BE4A7 /* LocationInformationViewModel.swift */,
				B413F75F28DAC788002F9907 /* DetailListCell.swift */,
				B413F76128DAC9EB002F9907 /* DetailListBackgroundView.swift */,
				B413F76328DAC9F6002F9907 /* DetailListBackgroundViewModel.swift */,
			);
			path = Presentation;
			sourceTree = "<group>";
		};
/* End PBXGroup section */

/* Begin PBXNativeTarget section */
		B4726DCB28DA8C75004BE4A7 /* AroundCafe */ = {
			isa = PBXNativeTarget;
			buildConfigurationList = B4726DE028DA8C76004BE4A7 /* Build configuration list for PBXNativeTarget "AroundCafe" */;
			buildPhases = (
				B4726DC828DA8C75004BE4A7 /* Sources */,
				B4726DC928DA8C75004BE4A7 /* Frameworks */,
				B4726DCA28DA8C75004BE4A7 /* Resources */,
			);
			buildRules = (
			);
			dependencies = (
			);
			name = AroundCafe;
			packageProductDependencies = (
				B413F74E28DA9EE0002F9907 /* RxBlocking */,
				B413F75028DA9EE0002F9907 /* RxCocoa */,
				B413F75228DA9EE1002F9907 /* RxRelay */,
				B413F75428DA9EE1002F9907 /* RxSwift */,
				B413F75B28DA9F9A002F9907 /* SnapKit */,
			);
			productName = AroundCafe;
			productReference = B4726DCC28DA8C75004BE4A7 /* AroundCafe.app */;
			productType = "com.apple.product-type.application";
		};
/* End PBXNativeTarget section */

/* Begin PBXProject section */
		B4726DC428DA8C75004BE4A7 /* Project object */ = {
			isa = PBXProject;
			attributes = {
				BuildIndependentTargetsInParallel = 1;
				LastSwiftUpdateCheck = 1400;
				LastUpgradeCheck = 1400;
				TargetAttributes = {
					B4726DCB28DA8C75004BE4A7 = {
						CreatedOnToolsVersion = 14.0;
					};
				};
			};
			buildConfigurationList = B4726DC728DA8C75004BE4A7 /* Build configuration list for PBXProject "AroundCafe" */;
			compatibilityVersion = "Xcode 14.0";
			developmentRegion = en;
			hasScannedForEncodings = 0;
			knownRegions = (
				en,
				Base,
			);
			mainGroup = B4726DC328DA8C75004BE4A7;
			packageReferences = (
				B413F74D28DA9EE0002F9907 /* XCRemoteSwiftPackageReference "RxSwift" */,
				B413F75A28DA9F9A002F9907 /* XCRemoteSwiftPackageReference "SnapKit" */,
			);
			productRefGroup = B4726DCD28DA8C75004BE4A7 /* Products */;
			projectDirPath = "";
			projectRoot = "";
			targets = (
				B4726DCB28DA8C75004BE4A7 /* AroundCafe */,
			);
		};
/* End PBXProject section */

/* Begin PBXResourcesBuildPhase section */
		B4726DCA28DA8C75004BE4A7 /* Resources */ = {
			isa = PBXResourcesBuildPhase;
			buildActionMask = 2147483647;
			files = (
				B4726DDC28DA8C76004BE4A7 /* LaunchScreen.storyboard in Resources */,
				B4726DD928DA8C76004BE4A7 /* Assets.xcassets in Resources */,
			);
			runOnlyForDeploymentPostprocessing = 0;
		};
/* End PBXResourcesBuildPhase section */

/* Begin PBXSourcesBuildPhase section */
		B4726DC828DA8C75004BE4A7 /* Sources */ = {
			isa = PBXSourcesBuildPhase;
			buildActionMask = 2147483647;
			files = (
				B4726DF728DA93E5004BE4A7 /* LocationData.swift in Sources */,
				B413F76228DAC9EB002F9907 /* DetailListBackgroundView.swift in Sources */,
				B413F76428DAC9F6002F9907 /* DetailListBackgroundViewModel.swift in Sources */,
				B4726DF928DA9434004BE4A7 /* KLDocument.swift in Sources */,
				B4726DFE28DA9595004BE4A7 /* LocationInformationViewController.swift in Sources */,
				B413F75E28DAA939002F9907 /* MTMapViewError.swift in Sources */,
				B413F76028DAC788002F9907 /* DetailListCell.swift in Sources */,
				B4726DD028DA8C75004BE4A7 /* AppDelegate.swift in Sources */,
				B4726DFC28DA94EC004BE4A7 /* DetailListCellData.swift in Sources */,
				B4726DD228DA8C75004BE4A7 /* SceneDelegate.swift in Sources */,
				B4726E0128DA95CE004BE4A7 /* LocationInformationViewModel.swift in Sources */,
			);
			runOnlyForDeploymentPostprocessing = 0;
		};
/* End PBXSourcesBuildPhase section */

/* Begin PBXVariantGroup section */
		B4726DDA28DA8C76004BE4A7 /* LaunchScreen.storyboard */ = {
			isa = PBXVariantGroup;
			children = (
				B4726DDB28DA8C76004BE4A7 /* Base */,
			);
			name = LaunchScreen.storyboard;
			sourceTree = "<group>";
		};
/* End PBXVariantGroup section */

/* Begin XCBuildConfiguration section */
		B4726DDE28DA8C76004BE4A7 /* Debug */ = {
			isa = XCBuildConfiguration;
			buildSettings = {
				ALWAYS_SEARCH_USER_PATHS = NO;
				CLANG_ANALYZER_NONNULL = YES;
				CLANG_ANALYZER_NUMBER_OBJECT_CONVERSION = YES_AGGRESSIVE;
				CLANG_CXX_LANGUAGE_STANDARD = "gnu++20";
				CLANG_ENABLE_MODULES = YES;
				CLANG_ENABLE_OBJC_ARC = NO;
				CLANG_ENABLE_OBJC_WEAK = YES;
				CLANG_WARN_BLOCK_CAPTURE_AUTORELEASING = YES;
				CLANG_WARN_BOOL_CONVERSION = YES;
				CLANG_WARN_COMMA = YES;
				CLANG_WARN_CONSTANT_CONVERSION = YES;
				CLANG_WARN_DEPRECATED_OBJC_IMPLEMENTATIONS = YES;
				CLANG_WARN_DIRECT_OBJC_ISA_USAGE = YES_ERROR;
				CLANG_WARN_DOCUMENTATION_COMMENTS = YES;
				CLANG_WARN_EMPTY_BODY = YES;
				CLANG_WARN_ENUM_CONVERSION = YES;
				CLANG_WARN_INFINITE_RECURSION = YES;
				CLANG_WARN_INT_CONVERSION = YES;
				CLANG_WARN_NON_LITERAL_NULL_CONVERSION = YES;
				CLANG_WARN_OBJC_IMPLICIT_RETAIN_SELF = YES;
				CLANG_WARN_OBJC_LITERAL_CONVERSION = YES;
				CLANG_WARN_OBJC_ROOT_CLASS = YES_ERROR;
				CLANG_WARN_QUOTED_INCLUDE_IN_FRAMEWORK_HEADER = YES;
				CLANG_WARN_RANGE_LOOP_ANALYSIS = YES;
				CLANG_WARN_STRICT_PROTOTYPES = YES;
				CLANG_WARN_SUSPICIOUS_MOVE = YES;
				CLANG_WARN_UNGUARDED_AVAILABILITY = YES_AGGRESSIVE;
				CLANG_WARN_UNREACHABLE_CODE = YES;
				CLANG_WARN__DUPLICATE_METHOD_MATCH = YES;
				COPY_PHASE_STRIP = NO;
				DEBUG_INFORMATION_FORMAT = dwarf;
				ENABLE_STRICT_OBJC_MSGSEND = YES;
				ENABLE_TESTABILITY = YES;
				ENABLE_TESTING_SEARCH_PATHS = NO;
				GCC_C_LANGUAGE_STANDARD = gnu11;
				GCC_DYNAMIC_NO_PIC = NO;
				GCC_NO_COMMON_BLOCKS = YES;
				GCC_OPTIMIZATION_LEVEL = 0;
				GCC_PREPROCESSOR_DEFINITIONS = (
					"DEBUG=1",
					"$(inherited)",
				);
				GCC_WARN_64_TO_32_BIT_CONVERSION = YES;
				GCC_WARN_ABOUT_RETURN_TYPE = YES_ERROR;
				GCC_WARN_UNDECLARED_SELECTOR = YES;
				GCC_WARN_UNINITIALIZED_AUTOS = YES_AGGRESSIVE;
				GCC_WARN_UNUSED_FUNCTION = YES;
				GCC_WARN_UNUSED_VARIABLE = YES;
				IPHONEOS_DEPLOYMENT_TARGET = 16.0;
				MTL_ENABLE_DEBUG_INFO = INCLUDE_SOURCE;
				MTL_FAST_MATH = YES;
				ONLY_ACTIVE_ARCH = YES;
				SDKROOT = iphoneos;
				SWIFT_ACTIVE_COMPILATION_CONDITIONS = DEBUG;
				SWIFT_OBJC_BRIDGING_HEADER = /Users/kup/Desktop/AroundCafe/AroundCafe/BridgingHeader.h;
				SWIFT_OPTIMIZATION_LEVEL = "-Onone";
			};
			name = Debug;
		};
		B4726DDF28DA8C76004BE4A7 /* Release */ = {
			isa = XCBuildConfiguration;
			buildSettings = {
				ALWAYS_SEARCH_USER_PATHS = NO;
				CLANG_ANALYZER_NONNULL = YES;
				CLANG_ANALYZER_NUMBER_OBJECT_CONVERSION = YES_AGGRESSIVE;
				CLANG_CXX_LANGUAGE_STANDARD = "gnu++20";
				CLANG_ENABLE_MODULES = YES;
				CLANG_ENABLE_OBJC_ARC = NO;
				CLANG_ENABLE_OBJC_WEAK = YES;
				CLANG_WARN_BLOCK_CAPTURE_AUTORELEASING = YES;
				CLANG_WARN_BOOL_CONVERSION = YES;
				CLANG_WARN_COMMA = YES;
				CLANG_WARN_CONSTANT_CONVERSION = YES;
				CLANG_WARN_DEPRECATED_OBJC_IMPLEMENTATIONS = YES;
				CLANG_WARN_DIRECT_OBJC_ISA_USAGE = YES_ERROR;
				CLANG_WARN_DOCUMENTATION_COMMENTS = YES;
				CLANG_WARN_EMPTY_BODY = YES;
				CLANG_WARN_ENUM_CONVERSION = YES;
				CLANG_WARN_INFINITE_RECURSION = YES;
				CLANG_WARN_INT_CONVERSION = YES;
				CLANG_WARN_NON_LITERAL_NULL_CONVERSION = YES;
				CLANG_WARN_OBJC_IMPLICIT_RETAIN_SELF = YES;
				CLANG_WARN_OBJC_LITERAL_CONVERSION = YES;
				CLANG_WARN_OBJC_ROOT_CLASS = YES_ERROR;
				CLANG_WARN_QUOTED_INCLUDE_IN_FRAMEWORK_HEADER = YES;
				CLANG_WARN_RANGE_LOOP_ANALYSIS = YES;
				CLANG_WARN_STRICT_PROTOTYPES = YES;
				CLANG_WARN_SUSPICIOUS_MOVE = YES;
				CLANG_WARN_UNGUARDED_AVAILABILITY = YES_AGGRESSIVE;
				CLANG_WARN_UNREACHABLE_CODE = YES;
				CLANG_WARN__DUPLICATE_METHOD_MATCH = YES;
				COPY_PHASE_STRIP = NO;
				DEBUG_INFORMATION_FORMAT = "dwarf-with-dsym";
				ENABLE_NS_ASSERTIONS = NO;
				ENABLE_STRICT_OBJC_MSGSEND = YES;
				ENABLE_TESTING_SEARCH_PATHS = NO;
				GCC_C_LANGUAGE_STANDARD = gnu11;
				GCC_NO_COMMON_BLOCKS = YES;
				GCC_WARN_64_TO_32_BIT_CONVERSION = YES;
				GCC_WARN_ABOUT_RETURN_TYPE = YES_ERROR;
				GCC_WARN_UNDECLARED_SELECTOR = YES;
				GCC_WARN_UNINITIALIZED_AUTOS = YES_AGGRESSIVE;
				GCC_WARN_UNUSED_FUNCTION = YES;
				GCC_WARN_UNUSED_VARIABLE = YES;
				IPHONEOS_DEPLOYMENT_TARGET = 16.0;
				MTL_ENABLE_DEBUG_INFO = NO;
				MTL_FAST_MATH = YES;
				SDKROOT = iphoneos;
				SWIFT_COMPILATION_MODE = wholemodule;
				SWIFT_OBJC_BRIDGING_HEADER = /Users/kup/Desktop/AroundCafe/AroundCafe/BridgingHeader.h;
				SWIFT_OPTIMIZATION_LEVEL = "-O";
				VALIDATE_PRODUCT = YES;
			};
			name = Release;
		};
		B4726DE128DA8C76004BE4A7 /* Debug */ = {
			isa = XCBuildConfiguration;
			buildSettings = {
				ASSETCATALOG_COMPILER_APPICON_NAME = AppIcon;
				ASSETCATALOG_COMPILER_GLOBAL_ACCENT_COLOR_NAME = AccentColor;
				CODE_SIGN_STYLE = Automatic;
				CURRENT_PROJECT_VERSION = 1;
				DEVELOPMENT_TEAM = NMLQKC3L6A;
				EXCLUDED_ARCHS = arm64;
				FRAMEWORK_SEARCH_PATHS = (
					"$(inherited)",
					"$(PROJECT_DIR)/DaumMap.embeddedframework",
				);
				GENERATE_INFOPLIST_FILE = YES;
				INFOPLIST_FILE = AroundCafe/Info.plist;
				INFOPLIST_KEY_UIApplicationSupportsIndirectInputEvents = YES;
				INFOPLIST_KEY_UILaunchStoryboardName = LaunchScreen;
				INFOPLIST_KEY_UIStatusBarStyle = "";
				INFOPLIST_KEY_UISupportedInterfaceOrientations_iPad = "UIInterfaceOrientationPortrait UIInterfaceOrientationPortraitUpsideDown UIInterfaceOrientationLandscapeLeft UIInterfaceOrientationLandscapeRight";
				INFOPLIST_KEY_UISupportedInterfaceOrientations_iPhone = "UIInterfaceOrientationPortrait UIInterfaceOrientationLandscapeLeft UIInterfaceOrientationLandscapeRight";
				LD_RUNPATH_SEARCH_PATHS = (
					"$(inherited)",
					"@executable_path/Frameworks",
				);
				MARKETING_VERSION = 1.0;
				PRODUCT_BUNDLE_IDENTIFIER = com.hylee.AroundCafe;
				PRODUCT_NAME = "$(TARGET_NAME)";
				SWIFT_EMIT_LOC_STRINGS = YES;
				SWIFT_VERSION = 5.0;
				TARGETED_DEVICE_FAMILY = "1,2";
			};
			name = Debug;
		};
		B4726DE228DA8C76004BE4A7 /* Release */ = {
			isa = XCBuildConfiguration;
			buildSettings = {
				ASSETCATALOG_COMPILER_APPICON_NAME = AppIcon;
				ASSETCATALOG_COMPILER_GLOBAL_ACCENT_COLOR_NAME = AccentColor;
				CODE_SIGN_STYLE = Automatic;
				CURRENT_PROJECT_VERSION = 1;
				DEVELOPMENT_TEAM = NMLQKC3L6A;
				EXCLUDED_ARCHS = arm64;
				FRAMEWORK_SEARCH_PATHS = (
					"$(inherited)",
					"$(PROJECT_DIR)/DaumMap.embeddedframework",
				);
				GENERATE_INFOPLIST_FILE = YES;
				INFOPLIST_FILE = AroundCafe/Info.plist;
				INFOPLIST_KEY_UIApplicationSupportsIndirectInputEvents = YES;
				INFOPLIST_KEY_UILaunchStoryboardName = LaunchScreen;
				INFOPLIST_KEY_UIStatusBarStyle = "";
				INFOPLIST_KEY_UISupportedInterfaceOrientations_iPad = "UIInterfaceOrientationPortrait UIInterfaceOrientationPortraitUpsideDown UIInterfaceOrientationLandscapeLeft UIInterfaceOrientationLandscapeRight";
				INFOPLIST_KEY_UISupportedInterfaceOrientations_iPhone = "UIInterfaceOrientationPortrait UIInterfaceOrientationLandscapeLeft UIInterfaceOrientationLandscapeRight";
				LD_RUNPATH_SEARCH_PATHS = (
					"$(inherited)",
					"@executable_path/Frameworks",
				);
				MARKETING_VERSION = 1.0;
				PRODUCT_BUNDLE_IDENTIFIER = com.hylee.AroundCafe;
				PRODUCT_NAME = "$(TARGET_NAME)";
				SWIFT_EMIT_LOC_STRINGS = YES;
				SWIFT_VERSION = 5.0;
				TARGETED_DEVICE_FAMILY = "1,2";
			};
			name = Release;
		};
/* End XCBuildConfiguration section */

/* Begin XCConfigurationList section */
		B4726DC728DA8C75004BE4A7 /* Build configuration list for PBXProject "AroundCafe" */ = {
			isa = XCConfigurationList;
			buildConfigurations = (
				B4726DDE28DA8C76004BE4A7 /* Debug */,
				B4726DDF28DA8C76004BE4A7 /* Release */,
			);
			defaultConfigurationIsVisible = 0;
			defaultConfigurationName = Release;
		};
		B4726DE028DA8C76004BE4A7 /* Build configuration list for PBXNativeTarget "AroundCafe" */ = {
			isa = XCConfigurationList;
			buildConfigurations = (
				B4726DE128DA8C76004BE4A7 /* Debug */,
				B4726DE228DA8C76004BE4A7 /* Release */,
			);
			defaultConfigurationIsVisible = 0;
			defaultConfigurationName = Release;
		};
/* End XCConfigurationList section */

/* Begin XCRemoteSwiftPackageReference section */
		B413F74D28DA9EE0002F9907 /* XCRemoteSwiftPackageReference "RxSwift" */ = {
			isa = XCRemoteSwiftPackageReference;
			repositoryURL = "https://github.com/ReactiveX/RxSwift";
			requirement = {
				branch = main;
				kind = branch;
			};
		};
		B413F75A28DA9F9A002F9907 /* XCRemoteSwiftPackageReference "SnapKit" */ = {
			isa = XCRemoteSwiftPackageReference;
			repositoryURL = "https://github.com/SnapKit/SnapKit";
			requirement = {
				branch = develop;
				kind = branch;
			};
		};
/* End XCRemoteSwiftPackageReference section */

/* Begin XCSwiftPackageProductDependency section */
		B413F74E28DA9EE0002F9907 /* RxBlocking */ = {
			isa = XCSwiftPackageProductDependency;
			package = B413F74D28DA9EE0002F9907 /* XCRemoteSwiftPackageReference "RxSwift" */;
			productName = RxBlocking;
		};
		B413F75028DA9EE0002F9907 /* RxCocoa */ = {
			isa = XCSwiftPackageProductDependency;
			package = B413F74D28DA9EE0002F9907 /* XCRemoteSwiftPackageReference "RxSwift" */;
			productName = RxCocoa;
		};
		B413F75228DA9EE1002F9907 /* RxRelay */ = {
			isa = XCSwiftPackageProductDependency;
			package = B413F74D28DA9EE0002F9907 /* XCRemoteSwiftPackageReference "RxSwift" */;
			productName = RxRelay;
		};
		B413F75428DA9EE1002F9907 /* RxSwift */ = {
			isa = XCSwiftPackageProductDependency;
			package = B413F74D28DA9EE0002F9907 /* XCRemoteSwiftPackageReference "RxSwift" */;
			productName = RxSwift;
		};
		B413F75B28DA9F9A002F9907 /* SnapKit */ = {
			isa = XCSwiftPackageProductDependency;
			package = B413F75A28DA9F9A002F9907 /* XCRemoteSwiftPackageReference "SnapKit" */;
			productName = SnapKit;
		};
/* End XCSwiftPackageProductDependency section */
	};
	rootObject = B4726DC428DA8C75004BE4A7 /* Project object */;
}
